// !$*UTF8*$!
{
	archiveVersion = 1;
	classes = {
	};
	objectVersion = 56;
	objects = {

/* Begin PBXBuildFile section */
		1393F4542C1ECFE700843515 /* MenuView.swift in Sources */ = {isa = PBXBuildFile; fileRef = 1393F4532C1ECFE700843515 /* MenuView.swift */; };
		1393F4562C1F0F9500843515 /* MenuContainerView.swift in Sources */ = {isa = PBXBuildFile; fileRef = 1393F4552C1F0F9500843515 /* MenuContainerView.swift */; };
		13C3B56B2C02197100EFB412 /* AnswerButton.swift in Sources */ = {isa = PBXBuildFile; fileRef = 13C3B56A2C02197100EFB412 /* AnswerButton.swift */; };
		13CF18302BF6631600D06DA1 /* ScoreView.swift in Sources */ = {isa = PBXBuildFile; fileRef = 13CF182F2BF6631600D06DA1 /* ScoreView.swift */; };
		13F0702B2BF4ECB300F1063E /* sikakuApp.swift in Sources */ = {isa = PBXBuildFile; fileRef = 13F0702A2BF4ECB300F1063E /* sikakuApp.swift */; };
		13F0702D2BF4ECB300F1063E /* ContentView.swift in Sources */ = {isa = PBXBuildFile; fileRef = 13F0702C2BF4ECB300F1063E /* ContentView.swift */; };
		13F0702F2BF4ECB500F1063E /* Assets.xcassets in Resources */ = {isa = PBXBuildFile; fileRef = 13F0702E2BF4ECB500F1063E /* Assets.xcassets */; };
		13F070322BF4ECB500F1063E /* Preview Assets.xcassets in Resources */ = {isa = PBXBuildFile; fileRef = 13F070312BF4ECB500F1063E /* Preview Assets.xcassets */; };
		13F0703B2BF4F2B100F1063E /* QuizView.swift in Sources */ = {isa = PBXBuildFile; fileRef = 13F0703A2BF4F2B100F1063E /* QuizView.swift */; };
		13F0703D2BF4F2EA00F1063E /* Fanction.swift in Sources */ = {isa = PBXBuildFile; fileRef = 13F0703C2BF4F2EA00F1063E /* Fanction.swift */; };
		13F0703F2BF5055400F1063E /* questions.json in Resources */ = {isa = PBXBuildFile; fileRef = 13F0703E2BF5055300F1063E /* questions.json */; };
/* End PBXBuildFile section */

/* Begin PBXFileReference section */
		1393F4532C1ECFE700843515 /* MenuView.swift */ = {isa = PBXFileReference; lastKnownFileType = sourcecode.swift; path = MenuView.swift; sourceTree = "<group>"; };
		1393F4552C1F0F9500843515 /* MenuContainerView.swift */ = {isa = PBXFileReference; lastKnownFileType = sourcecode.swift; path = MenuContainerView.swift; sourceTree = "<group>"; };
		13C3B56A2C02197100EFB412 /* AnswerButton.swift */ = {isa = PBXFileReference; lastKnownFileType = sourcecode.swift; path = AnswerButton.swift; sourceTree = "<group>"; };
		13CF182F2BF6631600D06DA1 /* ScoreView.swift */ = {isa = PBXFileReference; lastKnownFileType = sourcecode.swift; path = ScoreView.swift; sourceTree = "<group>"; };
		13F070272BF4ECB300F1063E /* sikaku.app */ = {isa = PBXFileReference; explicitFileType = wrapper.application; includeInIndex = 0; path = sikaku.app; sourceTree = BUILT_PRODUCTS_DIR; };
		13F0702A2BF4ECB300F1063E /* sikakuApp.swift */ = {isa = PBXFileReference; lastKnownFileType = sourcecode.swift; path = sikakuApp.swift; sourceTree = "<group>"; };
		13F0702C2BF4ECB300F1063E /* ContentView.swift */ = {isa = PBXFileReference; lastKnownFileType = sourcecode.swift; path = ContentView.swift; sourceTree = "<group>"; };
		13F0702E2BF4ECB500F1063E /* Assets.xcassets */ = {isa = PBXFileReference; lastKnownFileType = folder.assetcatalog; path = Assets.xcassets; sourceTree = "<group>"; };
		13F070312BF4ECB500F1063E /* Preview Assets.xcassets */ = {isa = PBXFileReference; lastKnownFileType = folder.assetcatalog; path = "Preview Assets.xcassets"; sourceTree = "<group>"; };
		13F0703A2BF4F2B100F1063E /* QuizView.swift */ = {isa = PBXFileReference; lastKnownFileType = sourcecode.swift; path = QuizView.swift; sourceTree = "<group>"; };
		13F0703C2BF4F2EA00F1063E /* Fanction.swift */ = {isa = PBXFileReference; lastKnownFileType = sourcecode.swift; path = Fanction.swift; sourceTree = "<group>"; };
		13F0703E2BF5055300F1063E /* questions.json */ = {isa = PBXFileReference; fileEncoding = 4; lastKnownFileType = text.json; path = questions.json; sourceTree = "<group>"; };
/* End PBXFileReference section */

/* Begin PBXFrameworksBuildPhase section */
		13F070242BF4ECB300F1063E /* Frameworks */ = {
			isa = PBXFrameworksBuildPhase;
			buildActionMask = 2147483647;
			files = (
			);
			runOnlyForDeploymentPostprocessing = 0;
		};
/* End PBXFrameworksBuildPhase section */

/* Begin PBXGroup section */
		13F0701E2BF4ECB200F1063E = {
			isa = PBXGroup;
			children = (
				13F070292BF4ECB300F1063E /* sikaku */,
				13F070282BF4ECB300F1063E /* Products */,
			);
			sourceTree = "<group>";
		};
		13F070282BF4ECB300F1063E /* Products */ = {
			isa = PBXGroup;
			children = (
				13F070272BF4ECB300F1063E /* sikaku.app */,
			);
			name = Products;
			sourceTree = "<group>";
		};
		13F070292BF4ECB300F1063E /* sikaku */ = {
			isa = PBXGroup;
			children = (
				13F0702A2BF4ECB300F1063E /* sikakuApp.swift */,
				1393F4552C1F0F9500843515 /* MenuContainerView.swift */,
				13F0702C2BF4ECB300F1063E /* ContentView.swift */,
				13F0703A2BF4F2B100F1063E /* QuizView.swift */,
				13F0703E2BF5055300F1063E /* questions.json */,
				13CF182F2BF6631600D06DA1 /* ScoreView.swift */,
				13C3B56A2C02197100EFB412 /* AnswerButton.swift */,
				13F0703C2BF4F2EA00F1063E /* Fanction.swift */,
				1393F4532C1ECFE700843515 /* MenuView.swift */,
				13F0702E2BF4ECB500F1063E /* Assets.xcassets */,
				13F070302BF4ECB500F1063E /* Preview Content */,
			);
			path = sikaku;
			sourceTree = "<group>";
		};
		13F070302BF4ECB500F1063E /* Preview Content */ = {
			isa = PBXGroup;
			children = (
				13F070312BF4ECB500F1063E /* Preview Assets.xcassets */,
			);
			path = "Preview Content";
			sourceTree = "<group>";
		};
/* End PBXGroup section */

/* Begin PBXNativeTarget section */
		13F070262BF4ECB300F1063E /* sikaku */ = {
			isa = PBXNativeTarget;
			buildConfigurationList = 13F070352BF4ECB500F1063E /* Build configuration list for PBXNativeTarget "sikaku" */;
			buildPhases = (
				13F070232BF4ECB300F1063E /* Sources */,
				13F070242BF4ECB300F1063E /* Frameworks */,
				13F070252BF4ECB300F1063E /* Resources */,
			);
			buildRules = (
			);
			dependencies = (
			);
			name = sikaku;
			productName = sikaku;
			productReference = 13F070272BF4ECB300F1063E /* sikaku.app */;
			productType = "com.apple.product-type.application";
		};
/* End PBXNativeTarget section */

/* Begin PBXProject section */
		13F0701F2BF4ECB200F1063E /* Project object */ = {
			isa = PBXProject;
			attributes = {
				BuildIndependentTargetsInParallel = 1;
				LastSwiftUpdateCheck = 1520;
				LastUpgradeCheck = 1520;
				TargetAttributes = {
					13F070262BF4ECB300F1063E = {
						CreatedOnToolsVersion = 15.2;
					};
				};
			};
			buildConfigurationList = 13F070222BF4ECB200F1063E /* Build configuration list for PBXProject "sikaku" */;
			compatibilityVersion = "Xcode 14.0";
			developmentRegion = en;
			hasScannedForEncodings = 0;
			knownRegions = (
				en,
				Base,
			);
			mainGroup = 13F0701E2BF4ECB200F1063E;
			productRefGroup = 13F070282BF4ECB300F1063E /* Products */;
			projectDirPath = "";
			projectRoot = "";
			targets = (
				13F070262BF4ECB300F1063E /* sikaku */,
			);
		};
/* End PBXProject section */

/* Begin PBXResourcesBuildPhase section */
		13F070252BF4ECB300F1063E /* Resources */ = {
			isa = PBXResourcesBuildPhase;
			buildActionMask = 2147483647;
			files = (
				13F0703F2BF5055400F1063E /* questions.json in Resources */,
				13F070322BF4ECB500F1063E /* Preview Assets.xcassets in Resources */,
				13F0702F2BF4ECB500F1063E /* Assets.xcassets in Resources */,
			);
			runOnlyForDeploymentPostprocessing = 0;
		};
/* End PBXResourcesBuildPhase section */

/* Begin PBXSourcesBuildPhase section */
		13F070232BF4ECB300F1063E /* Sources */ = {
			isa = PBXSourcesBuildPhase;
			buildActionMask = 2147483647;
			files = (
				1393F4542C1ECFE700843515 /* MenuView.swift in Sources */,
				13F0703D2BF4F2EA00F1063E /* Fanction.swift in Sources */,
				13F0702D2BF4ECB300F1063E /* ContentView.swift in Sources */,
				13F0703B2BF4F2B100F1063E /* QuizView.swift in Sources */,
				13F0702B2BF4ECB300F1063E /* sikakuApp.swift in Sources */,
				1393F4562C1F0F9500843515 /* MenuContainerView.swift in Sources */,
				13CF18302BF6631600D06DA1 /* ScoreView.swift in Sources */,
				13C3B56B2C02197100EFB412 /* AnswerButton.swift in Sources */,
			);
			runOnlyForDeploymentPostprocessing = 0;
		};
/* End PBXSourcesBuildPhase section */

/* Begin XCBuildConfiguration section */
		13F070332BF4ECB500F1063E /* Debug */ = {
			isa = XCBuildConfiguration;
			buildSettings = {
				ALWAYS_SEARCH_USER_PATHS = NO;
				ASSETCATALOG_COMPILER_GENERATE_SWIFT_ASSET_SYMBOL_EXTENSIONS = YES;
				CLANG_ANALYZER_NONNULL = YES;
				CLANG_ANALYZER_NUMBER_OBJECT_CONVERSION = YES_AGGRESSIVE;
				CLANG_CXX_LANGUAGE_STANDARD = "gnu++20";
				CLANG_ENABLE_MODULES = YES;
				CLANG_ENABLE_OBJC_ARC = YES;
				CLANG_ENABLE_OBJC_WEAK = YES;
				CLANG_WARN_BLOCK_CAPTURE_AUTORELEASING = YES;
				CLANG_WARN_BOOL_CONVERSION = YES;
				CLANG_WARN_COMMA = YES;
				CLANG_WARN_CONSTANT_CONVERSION = YES;
				CLANG_WARN_DEPRECATED_OBJC_IMPLEMENTATIONS = YES;
				CLANG_WARN_DIRECT_OBJC_ISA_USAGE = YES_ERROR;
				CLANG_WARN_DOCUMENTATION_COMMENTS = YES;
				CLANG_WARN_EMPTY_BODY = YES;
				CLANG_WARN_ENUM_CONVERSION = YES;
				CLANG_WARN_INFINITE_RECURSION = YES;
				CLANG_WARN_INT_CONVERSION = YES;
				CLANG_WARN_NON_LITERAL_NULL_CONVERSION = YES;
				CLANG_WARN_OBJC_IMPLICIT_RETAIN_SELF = YES;
				CLANG_WARN_OBJC_LITERAL_CONVERSION = YES;
				CLANG_WARN_OBJC_ROOT_CLASS = YES_ERROR;
				CLANG_WARN_QUOTED_INCLUDE_IN_FRAMEWORK_HEADER = YES;
				CLANG_WARN_RANGE_LOOP_ANALYSIS = YES;
				CLANG_WARN_STRICT_PROTOTYPES = YES;
				CLANG_WARN_SUSPICIOUS_MOVE = YES;
				CLANG_WARN_UNGUARDED_AVAILABILITY = YES_AGGRESSIVE;
				CLANG_WARN_UNREACHABLE_CODE = YES;
				CLANG_WARN__DUPLICATE_METHOD_MATCH = YES;
				COPY_PHASE_STRIP = NO;
				DEBUG_INFORMATION_FORMAT = dwarf;
				ENABLE_STRICT_OBJC_MSGSEND = YES;
				ENABLE_TESTABILITY = YES;
				ENABLE_USER_SCRIPT_SANDBOXING = YES;
				GCC_C_LANGUAGE_STANDARD = gnu17;
				GCC_DYNAMIC_NO_PIC = NO;
				GCC_NO_COMMON_BLOCKS = YES;
				GCC_OPTIMIZATION_LEVEL = 0;
				GCC_PREPROCESSOR_DEFINITIONS = (
					"DEBUG=1",
					"$(inherited)",
				);
				GCC_WARN_64_TO_32_BIT_CONVERSION = YES;
				GCC_WARN_ABOUT_RETURN_TYPE = YES_ERROR;
				GCC_WARN_UNDECLARED_SELECTOR = YES;
				GCC_WARN_UNINITIALIZED_AUTOS = YES_AGGRESSIVE;
				GCC_WARN_UNUSED_FUNCTION = YES;
				GCC_WARN_UNUSED_VARIABLE = YES;
				IPHONEOS_DEPLOYMENT_TARGET = 17.2;
				LOCALIZATION_PREFERS_STRING_CATALOGS = YES;
				MTL_ENABLE_DEBUG_INFO = INCLUDE_SOURCE;
				MTL_FAST_MATH = YES;
				ONLY_ACTIVE_ARCH = YES;
				SDKROOT = iphoneos;
				SWIFT_ACTIVE_COMPILATION_CONDITIONS = "DEBUG $(inherited)";
				SWIFT_OPTIMIZATION_LEVEL = "-Onone";
			};
			name = Debug;
		};
		13F070342BF4ECB500F1063E /* Release */ = {
			isa = XCBuildConfiguration;
			buildSettings = {
				ALWAYS_SEARCH_USER_PATHS = NO;
				ASSETCATALOG_COMPILER_GENERATE_SWIFT_ASSET_SYMBOL_EXTENSIONS = YES;
				CLANG_ANALYZER_NONNULL = YES;
				CLANG_ANALYZER_NUMBER_OBJECT_CONVERSION = YES_AGGRESSIVE;
				CLANG_CXX_LANGUAGE_STANDARD = "gnu++20";
				CLANG_ENABLE_MODULES = YES;
				CLANG_ENABLE_OBJC_ARC = YES;
				CLANG_ENABLE_OBJC_WEAK = YES;
				CLANG_WARN_BLOCK_CAPTURE_AUTORELEASING = YES;
				CLANG_WARN_BOOL_CONVERSION = YES;
				CLANG_WARN_COMMA = YES;
				CLANG_WARN_CONSTANT_CONVERSION = YES;
				CLANG_WARN_DEPRECATED_OBJC_IMPLEMENTATIONS = YES;
				CLANG_WARN_DIRECT_OBJC_ISA_USAGE = YES_ERROR;
				CLANG_WARN_DOCUMENTATION_COMMENTS = YES;
				CLANG_WARN_EMPTY_BODY = YES;
				CLANG_WARN_ENUM_CONVERSION = YES;
				CLANG_WARN_INFINITE_RECURSION = YES;
				CLANG_WARN_INT_CONVERSION = YES;
				CLANG_WARN_NON_LITERAL_NULL_CONVERSION = YES;
				CLANG_WARN_OBJC_IMPLICIT_RETAIN_SELF = YES;
				CLANG_WARN_OBJC_LITERAL_CONVERSION = YES;
				CLANG_WARN_OBJC_ROOT_CLASS = YES_ERROR;
				CLANG_WARN_QUOTED_INCLUDE_IN_FRAMEWORK_HEADER = YES;
				CLANG_WARN_RANGE_LOOP_ANALYSIS = YES;
				CLANG_WARN_STRICT_PROTOTYPES = YES;
				CLANG_WARN_SUSPICIOUS_MOVE = YES;
				CLANG_WARN_UNGUARDED_AVAILABILITY = YES_AGGRESSIVE;
				CLANG_WARN_UNREACHABLE_CODE = YES;
				CLANG_WARN__DUPLICATE_METHOD_MATCH = YES;
				COPY_PHASE_STRIP = NO;
				DEBUG_INFORMATION_FORMAT = "dwarf-with-dsym";
				ENABLE_NS_ASSERTIONS = NO;
				ENABLE_STRICT_OBJC_MSGSEND = YES;
				ENABLE_USER_SCRIPT_SANDBOXING = YES;
				GCC_C_LANGUAGE_STANDARD = gnu17;
				GCC_NO_COMMON_BLOCKS = YES;
				GCC_WARN_64_TO_32_BIT_CONVERSION = YES;
				GCC_WARN_ABOUT_RETURN_TYPE = YES_ERROR;
				GCC_WARN_UNDECLARED_SELECTOR = YES;
				GCC_WARN_UNINITIALIZED_AUTOS = YES_AGGRESSIVE;
				GCC_WARN_UNUSED_FUNCTION = YES;
				GCC_WARN_UNUSED_VARIABLE = YES;
				IPHONEOS_DEPLOYMENT_TARGET = 17.2;
				LOCALIZATION_PREFERS_STRING_CATALOGS = YES;
				MTL_ENABLE_DEBUG_INFO = NO;
				MTL_FAST_MATH = YES;
				SDKROOT = iphoneos;
				SWIFT_COMPILATION_MODE = wholemodule;
				VALIDATE_PRODUCT = YES;
			};
			name = Release;
		};
		13F070362BF4ECB500F1063E /* Debug */ = {
			isa = XCBuildConfiguration;
			buildSettings = {
				ASSETCATALOG_COMPILER_APPICON_NAME = AppIcon;
				ASSETCATALOG_COMPILER_GLOBAL_ACCENT_COLOR_NAME = AccentColor;
				CODE_SIGN_STYLE = Automatic;
				CURRENT_PROJECT_VERSION = 1;
				DEVELOPMENT_ASSET_PATHS = "\"sikaku/Preview Content\"";
				DEVELOPMENT_TEAM = 4TBCQJXY4U;
				ENABLE_PREVIEWS = YES;
				GENERATE_INFOPLIST_FILE = YES;
				INFOPLIST_KEY_UIApplicationSceneManifest_Generation = YES;
				INFOPLIST_KEY_UIApplicationSupportsIndirectInputEvents = YES;
				INFOPLIST_KEY_UILaunchScreen_Generation = YES;
				INFOPLIST_KEY_UISupportedInterfaceOrientations_iPad = "UIInterfaceOrientationPortrait UIInterfaceOrientationPortraitUpsideDown UIInterfaceOrientationLandscapeLeft UIInterfaceOrientationLandscapeRight";
				INFOPLIST_KEY_UISupportedInterfaceOrientations_iPhone = "UIInterfaceOrientationPortrait UIInterfaceOrientationLandscapeLeft UIInterfaceOrientationLandscapeRight";
				LD_RUNPATH_SEARCH_PATHS = (
					"$(inherited)",
					"@executable_path/Frameworks",
				);
				MARKETING_VERSION = 1.0;
				PRODUCT_BUNDLE_IDENTIFIER = test.sikaku;
				PRODUCT_NAME = "$(TARGET_NAME)";
				SWIFT_EMIT_LOC_STRINGS = YES;
				SWIFT_VERSION = 5.0;
				TARGETED_DEVICE_FAMILY = "1,2";
			};
			name = Debug;
		};
		13F070372BF4ECB500F1063E /* Release */ = {
			isa = XCBuildConfiguration;
			buildSettings = {
				ASSETCATALOG_COMPILER_APPICON_NAME = AppIcon;
				ASSETCATALOG_COMPILER_GLOBAL_ACCENT_COLOR_NAME = AccentColor;
				CODE_SIGN_STYLE = Automatic;
				CURRENT_PROJECT_VERSION = 1;
				DEVELOPMENT_ASSET_PATHS = "\"sikaku/Preview Content\"";
				DEVELOPMENT_TEAM = 4TBCQJXY4U;
				ENABLE_PREVIEWS = YES;
				GENERATE_INFOPLIST_FILE = YES;
				INFOPLIST_KEY_UIApplicationSceneManifest_Generation = YES;
				INFOPLIST_KEY_UIApplicationSupportsIndirectInputEvents = YES;
				INFOPLIST_KEY_UILaunchScreen_Generation = YES;
				INFOPLIST_KEY_UISupportedInterfaceOrientations_iPad = "UIInterfaceOrientationPortrait UIInterfaceOrientationPortraitUpsideDown UIInterfaceOrientationLandscapeLeft UIInterfaceOrientationLandscapeRight";
				INFOPLIST_KEY_UISupportedInterfaceOrientations_iPhone = "UIInterfaceOrientationPortrait UIInterfaceOrientationLandscapeLeft UIInterfaceOrientationLandscapeRight";
				LD_RUNPATH_SEARCH_PATHS = (
					"$(inherited)",
					"@executable_path/Frameworks",
				);
				MARKETING_VERSION = 1.0;
				PRODUCT_BUNDLE_IDENTIFIER = test.sikaku;
				PRODUCT_NAME = "$(TARGET_NAME)";
				SWIFT_EMIT_LOC_STRINGS = YES;
				SWIFT_VERSION = 5.0;
				TARGETED_DEVICE_FAMILY = "1,2";
			};
			name = Release;
		};
/* End XCBuildConfiguration section */

/* Begin XCConfigurationList section */
		13F070222BF4ECB200F1063E /* Build configuration list for PBXProject "sikaku" */ = {
			isa = XCConfigurationList;
			buildConfigurations = (
				13F070332BF4ECB500F1063E /* Debug */,
				13F070342BF4ECB500F1063E /* Release */,
			);
			defaultConfigurationIsVisible = 0;
			defaultConfigurationName = Release;
		};
		13F070352BF4ECB500F1063E /* Build configuration list for PBXNativeTarget "sikaku" */ = {
			isa = XCConfigurationList;
			buildConfigurations = (
				13F070362BF4ECB500F1063E /* Debug */,
				13F070372BF4ECB500F1063E /* Release */,
			);
			defaultConfigurationIsVisible = 0;
			defaultConfigurationName = Release;
		};
/* End XCConfigurationList section */
	};
	rootObject = 13F0701F2BF4ECB200F1063E /* Project object */;
}
